Microsoft Visual Studio Solution File, Format Version 12.00
# Visual Studio Version 17
VisualStudioVersion = 17.5.2.0
MinimumVisualStudioVersion = 10.0.40219.1
Project("{FAE04EC0-301F-11D3-BF4B-00C04F79EFBC}") = "MeuProjetoMinimal", "MeuProjetoMinimal.csproj", "{5C29CBA8-176B-672A-55D1-02105CFE02D1}"
EndProject
Global
	GlobalSection(SolutionConfigurationPlatforms) = preSolution
		Debug|Any CPU = Debug|Any CPU
		Release|Any CPU = Release|Any CPU
	EndGlobalSection
	GlobalSection(ProjectConfigurationPlatforms) = postSolution
		{5C29CBA8-176B-672A-55D1-02105CFE02D1}.Debug|Any CPU.ActiveCfg = Debug|Any CPU
		{5C29CBA8-176B-672A-55D1-02105CFE02D1}.Debug|Any CPU.Build.0 = Debug|Any CPU
		{5C29CBA8-176B-672A-55D1-02105CFE02D1}.Release|Any CPU.ActiveCfg = Release|Any CPU
		{5C29CBA8-176B-672A-55D1-02105CFE02D1}.Release|Any CPU.Build.0 = Release|Any CPU
	EndGlobalSection
	GlobalSection(SolutionProperties) = preSolution
		HideSolutionNode = FALSE
	EndGlobalSection
	GlobalSection(ExtensibilityGlobals) = postSolution
		SolutionGuid = {58885BE6-F687-45AC-AA46-B45DA6524645}
	EndGlobalSection
EndGlobal
